
Microsoft Visual Studio Solution File, Format Version 12.00
# Visual Studio Version 17
VisualStudioVersion = 17.10.35122.118
MinimumVisualStudioVersion = 10.0.40219.1
Project("{2150E333-8FDC-42A3-9474-1A3956D46DE8}") = "Core", "Core", "{D0FC6462-1882-436D-AACA-A02E50415F42}"
EndProject
Project("{2150E333-8FDC-42A3-9474-1A3956D46DE8}") = "Infrastructure", "Infrastructure", "{2710E151-0437-4F6A-AC9F-5BE9B28EFB94}"
EndProject
Project("{2150E333-8FDC-42A3-9474-1A3956D46DE8}") = "Presentation", "Presentation", "{62CB4334-3672-409A-8513-3B751321C50B}"
EndProject
Project("{9A19103F-16F7-4668-BE54-9A1E7A4F7556}") = "ECommerceAPI.Application", "Core\ECommerceAPI.Application\ECommerceAPI.Application.csproj", "{0648C371-C25A-4180-96F0-14FD67ED08AF}"
EndProject
Project("{9A19103F-16F7-4668-BE54-9A1E7A4F7556}") = "ECommerceAPI.Domain", "Core\ECommerceAPI.Domain\ECommerceAPI.Domain.csproj", "{446B4A45-E4DE-42DF-9028-2C354D82FC5F}"
EndProject
Project("{9A19103F-16F7-4668-BE54-9A1E7A4F7556}") = "ECommerceAPI.Infrastructure", "Infrastructure\ECommerce.Infrastructure\ECommerceAPI.Infrastructure.csproj", "{F1078213-22B0-4A96-A59A-AA5CF2A815FE}"
EndProject
Project("{9A19103F-16F7-4668-BE54-9A1E7A4F7556}") = "ECommerceAPI.Persistence", "Infrastructure\ECommerceAPI.Persistence\ECommerceAPI.Persistence.csproj", "{36B2E9BB-AF93-4C80-B06C-2431C3C40A65}"
EndProject
Project("{9A19103F-16F7-4668-BE54-9A1E7A4F7556}") = "ECommerceAPI.API", "Presentation\ECommerceAPI.API\ECommerceAPI.API.csproj", "{38817BA0-66C5-4B54-90EE-DFD8B50D3B1C}"
EndProject
Project("{FAE04EC0-301F-11D3-BF4B-00C04F79EFBC}") = "ECommerceAPI.SiganlR", "Infrastructure\ECommerce.SiganlR\ECommerceAPI.SiganlR.csproj", "{2F30E8EA-2CD3-4AA6-9B24-A79FD2C092AF}"
EndProject
Global
	GlobalSection(SolutionConfigurationPlatforms) = preSolution
		Debug|Any CPU = Debug|Any CPU
		Release|Any CPU = Release|Any CPU
	EndGlobalSection
	GlobalSection(ProjectConfigurationPlatforms) = postSolution
		{0648C371-C25A-4180-96F0-14FD67ED08AF}.Debug|Any CPU.ActiveCfg = Debug|Any CPU
		{0648C371-C25A-4180-96F0-14FD67ED08AF}.Debug|Any CPU.Build.0 = Debug|Any CPU
		{0648C371-C25A-4180-96F0-14FD67ED08AF}.Release|Any CPU.ActiveCfg = Release|Any CPU
		{0648C371-C25A-4180-96F0-14FD67ED08AF}.Release|Any CPU.Build.0 = Release|Any CPU
		{446B4A45-E4DE-42DF-9028-2C354D82FC5F}.Debug|Any CPU.ActiveCfg = Debug|Any CPU
		{446B4A45-E4DE-42DF-9028-2C354D82FC5F}.Debug|Any CPU.Build.0 = Debug|Any CPU
		{446B4A45-E4DE-42DF-9028-2C354D82FC5F}.Release|Any CPU.ActiveCfg = Release|Any CPU
		{446B4A45-E4DE-42DF-9028-2C354D82FC5F}.Release|Any CPU.Build.0 = Release|Any CPU
		{F1078213-22B0-4A96-A59A-AA5CF2A815FE}.Debug|Any CPU.ActiveCfg = Debug|Any CPU
		{F1078213-22B0-4A96-A59A-AA5CF2A815FE}.Debug|Any CPU.Build.0 = Debug|Any CPU
		{F1078213-22B0-4A96-A59A-AA5CF2A815FE}.Release|Any CPU.ActiveCfg = Release|Any CPU
		{F1078213-22B0-4A96-A59A-AA5CF2A815FE}.Release|Any CPU.Build.0 = Release|Any CPU
		{36B2E9BB-AF93-4C80-B06C-2431C3C40A65}.Debug|Any CPU.ActiveCfg = Debug|Any CPU
		{36B2E9BB-AF93-4C80-B06C-2431C3C40A65}.Debug|Any CPU.Build.0 = Debug|Any CPU
		{36B2E9BB-AF93-4C80-B06C-2431C3C40A65}.Release|Any CPU.ActiveCfg = Release|Any CPU
		{36B2E9BB-AF93-4C80-B06C-2431C3C40A65}.Release|Any CPU.Build.0 = Release|Any CPU
		{38817BA0-66C5-4B54-90EE-DFD8B50D3B1C}.Debug|Any CPU.ActiveCfg = Debug|Any CPU
		{38817BA0-66C5-4B54-90EE-DFD8B50D3B1C}.Debug|Any CPU.Build.0 = Debug|Any CPU
		{38817BA0-66C5-4B54-90EE-DFD8B50D3B1C}.Release|Any CPU.ActiveCfg = Release|Any CPU
		{38817BA0-66C5-4B54-90EE-DFD8B50D3B1C}.Release|Any CPU.Build.0 = Release|Any CPU
		{2F30E8EA-2CD3-4AA6-9B24-A79FD2C092AF}.Debug|Any CPU.ActiveCfg = Debug|Any CPU
		{2F30E8EA-2CD3-4AA6-9B24-A79FD2C092AF}.Debug|Any CPU.Build.0 = Debug|Any CPU
		{2F30E8EA-2CD3-4AA6-9B24-A79FD2C092AF}.Release|Any CPU.ActiveCfg = Release|Any CPU
		{2F30E8EA-2CD3-4AA6-9B24-A79FD2C092AF}.Release|Any CPU.Build.0 = Release|Any CPU
	EndGlobalSection
	GlobalSection(SolutionProperties) = preSolution
		HideSolutionNode = FALSE
	EndGlobalSection
	GlobalSection(NestedProjects) = preSolution
		{0648C371-C25A-4180-96F0-14FD67ED08AF} = {D0FC6462-1882-436D-AACA-A02E50415F42}
		{446B4A45-E4DE-42DF-9028-2C354D82FC5F} = {D0FC6462-1882-436D-AACA-A02E50415F42}
		{F1078213-22B0-4A96-A59A-AA5CF2A815FE} = {2710E151-0437-4F6A-AC9F-5BE9B28EFB94}
		{36B2E9BB-AF93-4C80-B06C-2431C3C40A65} = {2710E151-0437-4F6A-AC9F-5BE9B28EFB94}
		{38817BA0-66C5-4B54-90EE-DFD8B50D3B1C} = {62CB4334-3672-409A-8513-3B751321C50B}
		{2F30E8EA-2CD3-4AA6-9B24-A79FD2C092AF} = {2710E151-0437-4F6A-AC9F-5BE9B28EFB94}
	EndGlobalSection
	GlobalSection(ExtensibilityGlobals) = postSolution
		SolutionGuid = {CF82E8C5-1796-418C-903F-E6AEB4B57B71}
	EndGlobalSection
EndGlobal
